# This file is automatically @generated by Cargo.
# It is not intended for manual editing.
version = 4

[[package]]
name = "nosignal-backend-gnome"
version = "0.1.0"

[[package]]
name = "nosignal-backend-kde"
version = "0.1.0"

[[package]]
name = "nosignal-backend-mock"
version = "0.1.0"

[[package]]
name = "nosignal-backend-win"
version = "0.1.0"

[[package]]
name = "nosignal-backend-wlroots"
version = "0.1.0"

[[package]]
name = "nosignal-backend-x11"
version = "0.1.0"

[[package]]
name = "nosignal-cli"
version = "0.1.0"

[[package]]
name = "nosignal-core"
version = "0.1.0"

[[package]]
name = "nosignal-ddc"
version = "0.1.0"

[[package]]
name = "nosignal-ipc"
version = "0.1.0"

[[package]]
name = "nosignald"
version = "0.1.0"
